Microsoft Visual Studio Solution File, Format Version 12.00
# Visual Studio Version 17
VisualStudioVersion = 17.5.2.0
MinimumVisualStudioVersion = 10.0.40219.1
Project("{FAE04EC0-301F-11D3-BF4B-00C04F79EFBC}") = "Producktivity", "Producktivity.csproj", "{1482320A-674D-6358-0351-D4DBCEA46CA4}"
EndProject
Global
	GlobalSection(SolutionConfigurationPlatforms) = preSolution
		Debug|Any CPU = Debug|Any CPU
		Release|Any CPU = Release|Any CPU
	EndGlobalSection
	GlobalSection(ProjectConfigurationPlatforms) = postSolution
		{1482320A-674D-6358-0351-D4DBCEA46CA4}.Debug|Any CPU.ActiveCfg = Debug|Any CPU
		{1482320A-674D-6358-0351-D4DBCEA46CA4}.Debug|Any CPU.Build.0 = Debug|Any CPU
		{1482320A-674D-6358-0351-D4DBCEA46CA4}.Release|Any CPU.ActiveCfg = Release|Any CPU
		{1482320A-674D-6358-0351-D4DBCEA46CA4}.Release|Any CPU.Build.0 = Release|Any CPU
	EndGlobalSection
	GlobalSection(SolutionProperties) = preSolution
		HideSolutionNode = FALSE
	EndGlobalSection
	GlobalSection(ExtensibilityGlobals) = postSolution
		SolutionGuid = {C7CC05A3-CEA9-4239-A278-070D5DA20C0F}
	EndGlobalSection
EndGlobal
